
Microsoft Visual Studio Solution File, Format Version 12.00
# Visual Studio Version 17
VisualStudioVersion = 17.6.33723.286
MinimumVisualStudioVersion = 10.0.40219.1
Project("{8BC9CEB8-8B4A-11D0-8D11-00A0C91BC942}") = "ConsoleApplication22", "ConsoleApplication22\ConsoleApplication22.vcxproj", "{8F99A2F0-6EBD-45D1-9F0B-5822EA2890F1}"
EndProject
Global
	GlobalSection(SolutionConfigurationPlatforms) = preSolution
		Debug|x64 = Debug|x64
		Debug|x86 = Debug|x86
		Release|x64 = Release|x64
		Release|x86 = Release|x86
	EndGlobalSection
	GlobalSection(ProjectConfigurationPlatforms) = postSolution
		{8F99A2F0-6EBD-45D1-9F0B-5822EA2890F1}.Debug|x64.ActiveCfg = Debug|x64
		{8F99A2F0-6EBD-45D1-9F0B-5822EA2890F1}.Debug|x64.Build.0 = Debug|x64
		{8F99A2F0-6EBD-45D1-9F0B-5822EA2890F1}.Debug|x86.ActiveCfg = Debug|Win32
		{8F99A2F0-6EBD-45D1-9F0B-5822EA2890F1}.Debug|x86.Build.0 = Debug|Win32
		{8F99A2F0-6EBD-45D1-9F0B-5822EA2890F1}.Release|x64.ActiveCfg = Release|x64
		{8F99A2F0-6EBD-45D1-9F0B-5822EA2890F1}.Release|x64.Build.0 = Release|x64
		{8F99A2F0-6EBD-45D1-9F0B-5822EA2890F1}.Release|x86.ActiveCfg = Release|Win32
		{8F99A2F0-6EBD-45D1-9F0B-5822EA2890F1}.Release|x86.Build.0 = Release|Win32
	EndGlobalSection
	GlobalSection(SolutionProperties) = preSolution
		HideSolutionNode = FALSE
	EndGlobalSection
	GlobalSection(ExtensibilityGlobals) = postSolution
		SolutionGuid = {A9CBD99F-932A-44CA-A98F-B9A516C25001}
	EndGlobalSection
EndGlobal
